
Microsoft Visual Studio Solution File, Format Version 12.00
# Visual Studio Version 17
VisualStudioVersion = 17.5.33627.172
MinimumVisualStudioVersion = 10.0.40219.1
Project("{FAE04EC0-301F-11D3-BF4B-00C04F79EFBC}") = "src", "src\src.csproj", "{E6A45A65-3AA1-47CE-B242-018F254FCF57}"
EndProject
Global
	GlobalSection(SolutionConfigurationPlatforms) = preSolution
		Debug|Any CPU = Debug|Any CPU
		Release|Any CPU = Release|Any CPU
	EndGlobalSection
	GlobalSection(ProjectConfigurationPlatforms) = postSolution
		{E6A45A65-3AA1-47CE-B242-018F254FCF57}.Debug|Any CPU.ActiveCfg = Debug|Any CPU
		{E6A45A65-3AA1-47CE-B242-018F254FCF57}.Debug|Any CPU.Build.0 = Debug|Any CPU
		{E6A45A65-3AA1-47CE-B242-018F254FCF57}.Release|Any CPU.ActiveCfg = Release|Any CPU
		{E6A45A65-3AA1-47CE-B242-018F254FCF57}.Release|Any CPU.Build.0 = Release|Any CPU
	EndGlobalSection
	GlobalSection(SolutionProperties) = preSolution
		HideSolutionNode = FALSE
	EndGlobalSection
	GlobalSection(ExtensibilityGlobals) = postSolution
		SolutionGuid = {4AF04880-F362-4AC8-BB5E-10B58F796AF8}
	EndGlobalSection
EndGlobal
